
Microsoft Visual Studio Solution File, Format Version 12.00
# Visual Studio Version 17
VisualStudioVersion = 17.4.33110.190
MinimumVisualStudioVersion = 10.0.40219.1
Project("{FAE04EC0-301F-11D3-BF4B-00C04F79EFBC}") = "belajar insert data", "belajar insert data\belajar insert data.csproj", "{797B1C84-1DF4-45F2-8059-4C867802F559}"
EndProject
Global
	GlobalSection(SolutionConfigurationPlatforms) = preSolution
		Debug|Any CPU = Debug|Any CPU
		Release|Any CPU = Release|Any CPU
	EndGlobalSection
	GlobalSection(ProjectConfigurationPlatforms) = postSolution
		{797B1C84-1DF4-45F2-8059-4C867802F559}.Debug|Any CPU.ActiveCfg = Debug|Any CPU
		{797B1C84-1DF4-45F2-8059-4C867802F559}.Debug|Any CPU.Build.0 = Debug|Any CPU
		{797B1C84-1DF4-45F2-8059-4C867802F559}.Release|Any CPU.ActiveCfg = Release|Any CPU
		{797B1C84-1DF4-45F2-8059-4C867802F559}.Release|Any CPU.Build.0 = Release|Any CPU
	EndGlobalSection
	GlobalSection(SolutionProperties) = preSolution
		HideSolutionNode = FALSE
	EndGlobalSection
	GlobalSection(ExtensibilityGlobals) = postSolution
		SolutionGuid = {0B909BA8-A2CC-46B0-A9C0-370E3C9ACF8E}
	EndGlobalSection
EndGlobal
